<?xml version="1.0" encoding="utf-8"?>
<Project ToolsVersion="4.0" xmlns="http://schemas.microsoft.com/developer/msbuild/2003">
  <ItemGroup>
    <Filter Include="源文件">
      <UniqueIdentifier>{4FC737F1-C7A5-4376-A066-2A32D752A2FF}</UniqueIdentifier>
      <Extensions>cpp;c;cc;cxx;c++;cppm;ixx;def;odl;idl;hpj;bat;asm;asmx</Extensions>
    </Filter>
    <Filter Include="头文件">
      <UniqueIdentifier>{93995380-89BD-4b04-88EB-625FBE52EBFB}</UniqueIdentifier>
      <Extensions>h;hh;hpp;hxx;h++;hm;inl;inc;ipp;xsd</Extensions>
    </Filter>
    <Filter Include="资源文件">
      <UniqueIdentifier>{67DA6AB6-F800-4c08-8B7A-83BB121AAD01}</UniqueIdentifier>
      <Extensions>rc;ico;cur;bmp;dlg;rc2;rct;bin;rgs;gif;jpg;jpeg;jpe;resx;tiff;tif;png;wav;mfcribbon-ms</Extensions>
    </Filter>
    <Filter Include="源文件\Array">
      <UniqueIdentifier>{2a5bb39f-757a-4efe-82cf-b6b5a93e41fe}</UniqueIdentifier>
    </Filter>
    <Filter Include="源文件\List">
      <UniqueIdentifier>{57c16e9b-0ddb-4814-8cd2-ae217e0a0148}</UniqueIdentifier>
    </Filter>
    <Filter Include="源文件\HashTable">
      <UniqueIdentifier>{d76c9709-99c8-4832-a2be-2d3bd6ae7c78}</UniqueIdentifier>
    </Filter>
  </ItemGroup>
  <ItemGroup>
    <ClCompile Include="studyNotes.cpp">
      <Filter>源文件</Filter>
    </ClCompile>
    <ClCompile Include="binarySearch.cpp">
      <Filter>源文件\Array</Filter>
    </ClCompile>
    <ClCompile Include="reverseList.cpp">
      <Filter>源文件\List</Filter>
    </ClCompile>
    <ClCompile Include="removeElement.cpp">
      <Filter>源文件\Array</Filter>
    </ClCompile>
    <ClCompile Include="sortedSquares.cpp">
      <Filter>源文件\Array</Filter>
    </ClCompile>
    <ClCompile Include="minSubArrayLen.cpp">
      <Filter>源文件\Array</Filter>
    </ClCompile>
    <ClCompile Include="generateMatrix.cpp">
      <Filter>源文件\Array</Filter>
    </ClCompile>
    <ClCompile Include="removeElements.cpp">
      <Filter>源文件\List</Filter>
    </ClCompile>
    <ClCompile Include="MyLinkedList .cpp">
      <Filter>源文件\List</Filter>
    </ClCompile>
    <ClCompile Include="swapPairs.cpp">
      <Filter>源文件\List</Filter>
    </ClCompile>
    <ClCompile Include="removeNthFromEnd.cpp">
      <Filter>源文件\List</Filter>
    </ClCompile>
    <ClCompile Include="getIntersectionNode.cpp">
      <Filter>源文件\List</Filter>
    </ClCompile>
    <ClCompile Include="detectCycle.cpp">
      <Filter>源文件\List</Filter>
    </ClCompile>
    <ClCompile Include="HashTable\isAnagram.cpp">
      <Filter>源文件\HashTable</Filter>
    </ClCompile>
    <ClCompile Include="intersection.cpp">
      <Filter>源文件\HashTable</Filter>
    </ClCompile>
    <ClCompile Include="HashTable\twoSum.cpp">
      <Filter>源文件</Filter>
    </ClCompile>
    <ClCompile Include="HashTable\canConstruct.cpp">
      <Filter>源文件</Filter>
    </ClCompile>
    <ClCompile Include="HashTable\threeSum.cpp">
      <Filter>源文件</Filter>
    </ClCompile>
    <ClCompile Include="HashTable\fourSum.cpp">
      <Filter>源文件</Filter>
    </ClCompile>
    <ClCompile Include="binaryTree\buildRreewithPreandIn.md">
      <Filter>源文件</Filter>
    </ClCompile>
  </ItemGroup>
  <ItemGroup>
    <ClInclude Include="List.h">
      <Filter>头文件</Filter>
    </ClInclude>
    <ClInclude Include="Class.h">
      <Filter>头文件</Filter>
    </ClInclude>
    <ClInclude Include="HashTable\common.h">
      <Filter>头文件</Filter>
    </ClInclude>
  </ItemGroup>
  <ItemGroup>
    <None Include="stackandqueue\用队列实现栈.md" />
    <None Include="stackandqueue\有效的括号.md" />
    <None Include="stackandqueue\删除字符串中的所有相邻重复项.md" />
    <None Include="stackandqueue\逆波兰表达式求值.md" />
    <None Include="stackandqueue\滑动窗口最大值.md" />
    <None Include="stackandqueue\前k个高频元素.md" />
    <None Include="string\reverseStr.md" />
    <None Include="string\reverse.md" />
    <None Include="string\reverseWords.md" />
    <None Include="string\strStr.md" />
    <None Include="binaryTree\Traversal.md" />
    <None Include="binaryTree\levelOrder.md" />
    <None Include="binaryTree\invertTree.md" />
    <None Include="binaryTree\isSymmetric.md" />
    <None Include="binaryTree\getdepth.md" />
    <None Include="binaryTree\countNodes.md" />
    <None Include="binaryTree\getHeight.md" />
    <None Include="binaryTree\isBalanced.md" />
    <None Include="binaryTree\binaryTreePaths.md" />
    <None Include="binaryTree\sumOfLeftLeaves.md" />
    <None Include="binaryTree\findBottomLeftValue.md" />
    <None Include="binaryTree\hasPathSum.md" />
    <None Include="binaryTree\pathsum.md" />
    <None Include="binaryTree\buildTree.md" />
    <None Include="binaryTree\constructMaximumBinaryTree.md" />
    <None Include="binaryTree\mergeTrees.md" />
    <None Include="binaryTree\searchBST.md" />
    <None Include="binaryTree\isValidBST.md" />
    <None Include="binaryTree\getMinimumDifference.md" />
    <None Include="binaryTree\findMode.md" />
    <None Include="binaryTree\lowestCommonAncestor.md" />
    <None Include="binaryTree\insertIntoBST.md" />
    <None Include="binaryTree\deleteNode.md" />
    <None Include="binaryTree\trimBST.md" />
  </ItemGroup>
</Project>